
Microsoft Visual Studio Solution File, Format Version 12.00
# Visual Studio Version 16
VisualStudioVersion = 16.0.30413.136
MinimumVisualStudioVersion = 10.0.40219.1
Project("{FAE04EC0-301F-11D3-BF4B-00C04F79EFBC}") = "Milioner", "Milioner\Milioner.csproj", "{9192B64E-C332-453F-BA59-6D0E31DDC9A1}"
EndProject
Global
	GlobalSection(SolutionConfigurationPlatforms) = preSolution
		Debug|Any CPU = Debug|Any CPU
		Release|Any CPU = Release|Any CPU
	EndGlobalSection
	GlobalSection(ProjectConfigurationPlatforms) = postSolution
		{9192B64E-C332-453F-BA59-6D0E31DDC9A1}.Debug|Any CPU.ActiveCfg = Debug|Any CPU
		{9192B64E-C332-453F-BA59-6D0E31DDC9A1}.Debug|Any CPU.Build.0 = Debug|Any CPU
		{9192B64E-C332-453F-BA59-6D0E31DDC9A1}.Release|Any CPU.ActiveCfg = Release|Any CPU
		{9192B64E-C332-453F-BA59-6D0E31DDC9A1}.Release|Any CPU.Build.0 = Release|Any CPU
	EndGlobalSection
	GlobalSection(SolutionProperties) = preSolution
		HideSolutionNode = FALSE
	EndGlobalSection
	GlobalSection(ExtensibilityGlobals) = postSolution
		SolutionGuid = {CBE78B16-E816-4F64-9EC2-0F43D4C3415F}
	EndGlobalSection
EndGlobal
